
Microsoft Visual Studio Solution File, Format Version 12.00
# Visual Studio Version 17
VisualStudioVersion = 17.9.34723.18
MinimumVisualStudioVersion = 10.0.40219.1
Project("{9A19103F-16F7-4668-BE54-9A1E7A4F7556}") = "Shopping.Client", "Shopping.Client\Shopping.Client.csproj", "{A067FA17-9C47-4374-9D18-060093DFBABE}"
EndProject
Project("{9A19103F-16F7-4668-BE54-9A1E7A4F7556}") = "Shopping.API", "Shopping.API\Shopping.API.csproj", "{A1073B8A-C887-4D31-A2EC-7D8D2F0207B4}"
EndProject
Project("{E53339B2-1760-4266-BCC7-CA923CBCF16C}") = "docker-compose", "docker-compose.dcproj", "{1DF4735D-1A65-4114-85F7-427EE57952A5}"
EndProject
Global
	GlobalSection(SolutionConfigurationPlatforms) = preSolution
		Debug|Any CPU = Debug|Any CPU
		Release|Any CPU = Release|Any CPU
	EndGlobalSection
	GlobalSection(ProjectConfigurationPlatforms) = postSolution
		{A067FA17-9C47-4374-9D18-060093DFBABE}.Debug|Any CPU.ActiveCfg = Debug|Any CPU
		{A067FA17-9C47-4374-9D18-060093DFBABE}.Debug|Any CPU.Build.0 = Debug|Any CPU
		{A067FA17-9C47-4374-9D18-060093DFBABE}.Release|Any CPU.ActiveCfg = Release|Any CPU
		{A067FA17-9C47-4374-9D18-060093DFBABE}.Release|Any CPU.Build.0 = Release|Any CPU
		{A1073B8A-C887-4D31-A2EC-7D8D2F0207B4}.Debug|Any CPU.ActiveCfg = Debug|Any CPU
		{A1073B8A-C887-4D31-A2EC-7D8D2F0207B4}.Debug|Any CPU.Build.0 = Debug|Any CPU
		{A1073B8A-C887-4D31-A2EC-7D8D2F0207B4}.Release|Any CPU.ActiveCfg = Release|Any CPU
		{A1073B8A-C887-4D31-A2EC-7D8D2F0207B4}.Release|Any CPU.Build.0 = Release|Any CPU
		{1DF4735D-1A65-4114-85F7-427EE57952A5}.Debug|Any CPU.ActiveCfg = Debug|Any CPU
		{1DF4735D-1A65-4114-85F7-427EE57952A5}.Debug|Any CPU.Build.0 = Debug|Any CPU
		{1DF4735D-1A65-4114-85F7-427EE57952A5}.Release|Any CPU.ActiveCfg = Release|Any CPU
		{1DF4735D-1A65-4114-85F7-427EE57952A5}.Release|Any CPU.Build.0 = Release|Any CPU
	EndGlobalSection
	GlobalSection(SolutionProperties) = preSolution
		HideSolutionNode = FALSE
	EndGlobalSection
	GlobalSection(ExtensibilityGlobals) = postSolution
		SolutionGuid = {6D4DF6D0-3ABA-4DDC-AD71-D51C1C766892}
	EndGlobalSection
EndGlobal
